
Microsoft Visual Studio Solution File, Format Version 12.00
# Visual Studio Version 17
VisualStudioVersion = 17.1.31911.260
MinimumVisualStudioVersion = 10.0.40219.1
Project("{FAE04EC0-301F-11D3-BF4B-00C04F79EFBC}") = "SGNBranchReportingServer", "SGNBranchReportingServer\SGNBranchReportingServer.csproj", "{7CABA207-0C22-42DE-BD39-DB0D6C9F88E4}"
EndProject
Global
	GlobalSection(SolutionConfigurationPlatforms) = preSolution
		Debug|Any CPU = Debug|Any CPU
		Release|Any CPU = Release|Any CPU
	EndGlobalSection
	GlobalSection(ProjectConfigurationPlatforms) = postSolution
		{7CABA207-0C22-42DE-BD39-DB0D6C9F88E4}.Debug|Any CPU.ActiveCfg = Debug|Any CPU
		{7CABA207-0C22-42DE-BD39-DB0D6C9F88E4}.Debug|Any CPU.Build.0 = Debug|Any CPU
		{7CABA207-0C22-42DE-BD39-DB0D6C9F88E4}.Release|Any CPU.ActiveCfg = Release|Any CPU
		{7CABA207-0C22-42DE-BD39-DB0D6C9F88E4}.Release|Any CPU.Build.0 = Release|Any CPU
	EndGlobalSection
	GlobalSection(SolutionProperties) = preSolution
		HideSolutionNode = FALSE
	EndGlobalSection
	GlobalSection(ExtensibilityGlobals) = postSolution
		SolutionGuid = {622477F5-E094-4CB4-9B20-7B83C2505ABA}
	EndGlobalSection
EndGlobal
